
Microsoft Visual Studio Solution File, Format Version 12.00
# Visual Studio Version 16
VisualStudioVersion = 16.0.28606.126
MinimumVisualStudioVersion = 10.0.40219.1
Project("{FAE04EC0-301F-11D3-BF4B-00C04F79EFBC}") = "ProductService", "ProductService\ProductService.csproj", "{7ECB60C0-EBBA-486E-A2B5-9837A5A7AF5E}"
EndProject
Global
	GlobalSection(SolutionConfigurationPlatforms) = preSolution
		Debug|Any CPU = Debug|Any CPU
		Release|Any CPU = Release|Any CPU
	EndGlobalSection
	GlobalSection(ProjectConfigurationPlatforms) = postSolution
		{7ECB60C0-EBBA-486E-A2B5-9837A5A7AF5E}.Debug|Any CPU.ActiveCfg = Debug|Any CPU
		{7ECB60C0-EBBA-486E-A2B5-9837A5A7AF5E}.Debug|Any CPU.Build.0 = Debug|Any CPU
		{7ECB60C0-EBBA-486E-A2B5-9837A5A7AF5E}.Release|Any CPU.ActiveCfg = Release|Any CPU
		{7ECB60C0-EBBA-486E-A2B5-9837A5A7AF5E}.Release|Any CPU.Build.0 = Release|Any CPU
	EndGlobalSection
	GlobalSection(SolutionProperties) = preSolution
		HideSolutionNode = FALSE
	EndGlobalSection
	GlobalSection(ExtensibilityGlobals) = postSolution
		SolutionGuid = {D806E524-7FA5-4523-A7B7-BEB08B9E7A7F}
	EndGlobalSection
EndGlobal
